// !$*UTF8*$!
{
	archiveVersion = 1;
	classes = {
	};
	objectVersion = 50;
	objects = {

/* Begin PBXBuildFile section */
		04AF55D6269851BA00962006 /* AppDelegate.swift in Sources */ = {isa = PBXBuildFile; fileRef = 04AF55D5269851BA00962006 /* AppDelegate.swift */; };
		04AF55D8269851BA00962006 /* ContentView.swift in Sources */ = {isa = PBXBuildFile; fileRef = 04AF55D7269851BA00962006 /* ContentView.swift */; };
		04AF55DA269851BB00962006 /* Assets.xcassets in Resources */ = {isa = PBXBuildFile; fileRef = 04AF55D9269851BB00962006 /* Assets.xcassets */; };
		04AF55DD269851BB00962006 /* Preview Assets.xcassets in Resources */ = {isa = PBXBuildFile; fileRef = 04AF55DC269851BB00962006 /* Preview Assets.xcassets */; };
		04AF55E0269851BB00962006 /* Main.storyboard in Resources */ = {isa = PBXBuildFile; fileRef = 04AF55DE269851BB00962006 /* Main.storyboard */; };
		04AF55EC269851BB00962006 /* CommandRunnerTests.swift in Sources */ = {isa = PBXBuildFile; fileRef = 04AF55EB269851BB00962006 /* CommandRunnerTests.swift */; };
		04AF55F7269851BC00962006 /* CommandRunnerUITests.swift in Sources */ = {isa = PBXBuildFile; fileRef = 04AF55F6269851BC00962006 /* CommandRunnerUITests.swift */; };
/* End PBXBuildFile section */

/* Begin PBXContainerItemProxy section */
		04AF55E8269851BB00962006 /* PBXContainerItemProxy */ = {
			isa = PBXContainerItemProxy;
			containerPortal = 04AF55CA269851BA00962006 /* Project object */;
			proxyType = 1;
			remoteGlobalIDString = 04AF55D1269851BA00962006;
			remoteInfo = CommandRunner;
		};
		04AF55F3269851BC00962006 /* PBXContainerItemProxy */ = {
			isa = PBXContainerItemProxy;
			containerPortal = 04AF55CA269851BA00962006 /* Project object */;
			proxyType = 1;
			remoteGlobalIDString = 04AF55D1269851BA00962006;
			remoteInfo = CommandRunner;
		};
/* End PBXContainerItemProxy section */

/* Begin PBXFileReference section */
		04AF55D2269851BA00962006 /* CommandRunner.app */ = {isa = PBXFileReference; explicitFileType = wrapper.application; includeInIndex = 0; path = CommandRunner.app; sourceTree = BUILT_PRODUCTS_DIR; };
		04AF55D5269851BA00962006 /* AppDelegate.swift */ = {isa = PBXFileReference; lastKnownFileType = sourcecode.swift; path = AppDelegate.swift; sourceTree = "<group>"; };
		04AF55D7269851BA00962006 /* ContentView.swift */ = {isa = PBXFileReference; lastKnownFileType = sourcecode.swift; path = ContentView.swift; sourceTree = "<group>"; };
		04AF55D9269851BB00962006 /* Assets.xcassets */ = {isa = PBXFileReference; lastKnownFileType = folder.assetcatalog; path = Assets.xcassets; sourceTree = "<group>"; };
		04AF55DC269851BB00962006 /* Preview Assets.xcassets */ = {isa = PBXFileReference; lastKnownFileType = folder.assetcatalog; path = "Preview Assets.xcassets"; sourceTree = "<group>"; };
		04AF55DF269851BB00962006 /* Base */ = {isa = PBXFileReference; lastKnownFileType = file.storyboard; name = Base; path = Base.lproj/Main.storyboard; sourceTree = "<group>"; };
		04AF55E1269851BB00962006 /* Info.plist */ = {isa = PBXFileReference; lastKnownFileType = text.plist.xml; path = Info.plist; sourceTree = "<group>"; };
		04AF55E2269851BB00962006 /* CommandRunner.entitlements */ = {isa = PBXFileReference; lastKnownFileType = text.plist.entitlements; path = CommandRunner.entitlements; sourceTree = "<group>"; };
		04AF55E7269851BB00962006 /* CommandRunnerTests.xctest */ = {isa = PBXFileReference; explicitFileType = wrapper.cfbundle; includeInIndex = 0; path = CommandRunnerTests.xctest; sourceTree = BUILT_PRODUCTS_DIR; };
		04AF55EB269851BB00962006 /* CommandRunnerTests.swift */ = {isa = PBXFileReference; lastKnownFileType = sourcecode.swift; path = CommandRunnerTests.swift; sourceTree = "<group>"; };
		04AF55ED269851BB00962006 /* Info.plist */ = {isa = PBXFileReference; lastKnownFileType = text.plist.xml; path = Info.plist; sourceTree = "<group>"; };
		04AF55F2269851BC00962006 /* CommandRunnerUITests.xctest */ = {isa = PBXFileReference; explicitFileType = wrapper.cfbundle; includeInIndex = 0; path = CommandRunnerUITests.xctest; sourceTree = BUILT_PRODUCTS_DIR; };
		04AF55F6269851BC00962006 /* CommandRunnerUITests.swift */ = {isa = PBXFileReference; lastKnownFileType = sourcecode.swift; path = CommandRunnerUITests.swift; sourceTree = "<group>"; };
		04AF55F8269851BC00962006 /* Info.plist */ = {isa = PBXFileReference; lastKnownFileType = text.plist.xml; path = Info.plist; sourceTree = "<group>"; };
/* End PBXFileReference section */

/* Begin PBXFrameworksBuildPhase section */
		04AF55CF269851BA00962006 /* Frameworks */ = {
			isa = PBXFrameworksBuildPhase;
			buildActionMask = 2147483647;
			files = (
			);
			runOnlyForDeploymentPostprocessing = 0;
		};
		04AF55E4269851BB00962006 /* Frameworks */ = {
			isa = PBXFrameworksBuildPhase;
			buildActionMask = 2147483647;
			files = (
			);
			runOnlyForDeploymentPostprocessing = 0;
		};
		04AF55EF269851BC00962006 /* Frameworks */ = {
			isa = PBXFrameworksBuildPhase;
			buildActionMask = 2147483647;
			files = (
			);
			runOnlyForDeploymentPostprocessing = 0;
		};
/* End PBXFrameworksBuildPhase section */

/* Begin PBXGroup section */
		04AF55C9269851BA00962006 = {
			isa = PBXGroup;
			children = (
				04AF55D4269851BA00962006 /* CommandRunner */,
				04AF55EA269851BB00962006 /* CommandRunnerTests */,
				04AF55F5269851BC00962006 /* CommandRunnerUITests */,
				04AF55D3269851BA00962006 /* Products */,
			);
			sourceTree = "<group>";
		};
		04AF55D3269851BA00962006 /* Products */ = {
			isa = PBXGroup;
			children = (
				04AF55D2269851BA00962006 /* CommandRunner.app */,
				04AF55E7269851BB00962006 /* CommandRunnerTests.xctest */,
				04AF55F2269851BC00962006 /* CommandRunnerUITests.xctest */,
			);
			name = Products;
			sourceTree = "<group>";
		};
		04AF55D4269851BA00962006 /* CommandRunner */ = {
			isa = PBXGroup;
			children = (
				04AF55D5269851BA00962006 /* AppDelegate.swift */,
				04AF55D7269851BA00962006 /* ContentView.swift */,
				04AF55D9269851BB00962006 /* Assets.xcassets */,
				04AF55DE269851BB00962006 /* Main.storyboard */,
				04AF55E1269851BB00962006 /* Info.plist */,
				04AF55E2269851BB00962006 /* CommandRunner.entitlements */,
				04AF55DB269851BB00962006 /* Preview Content */,
			);
			path = CommandRunner;
			sourceTree = "<group>";
		};
		04AF55DB269851BB00962006 /* Preview Content */ = {
			isa = PBXGroup;
			children = (
				04AF55DC269851BB00962006 /* Preview Assets.xcassets */,
			);
			path = "Preview Content";
			sourceTree = "<group>";
		};
		04AF55EA269851BB00962006 /* CommandRunnerTests */ = {
			isa = PBXGroup;
			children = (
				04AF55EB269851BB00962006 /* CommandRunnerTests.swift */,
				04AF55ED269851BB00962006 /* Info.plist */,
			);
			path = CommandRunnerTests;
			sourceTree = "<group>";
		};
		04AF55F5269851BC00962006 /* CommandRunnerUITests */ = {
			isa = PBXGroup;
			children = (
				04AF55F6269851BC00962006 /* CommandRunnerUITests.swift */,
				04AF55F8269851BC00962006 /* Info.plist */,
			);
			path = CommandRunnerUITests;
			sourceTree = "<group>";
		};
/* End PBXGroup section */

/* Begin PBXNativeTarget section */
		04AF55D1269851BA00962006 /* CommandRunner */ = {
			isa = PBXNativeTarget;
			buildConfigurationList = 04AF55FB269851BC00962006 /* Build configuration list for PBXNativeTarget "CommandRunner" */;
			buildPhases = (
				04AF55CE269851BA00962006 /* Sources */,
				04AF55CF269851BA00962006 /* Frameworks */,
				04AF55D0269851BA00962006 /* Resources */,
			);
			buildRules = (
			);
			dependencies = (
			);
			name = CommandRunner;
			productName = CommandRunner;
			productReference = 04AF55D2269851BA00962006 /* CommandRunner.app */;
			productType = "com.apple.product-type.application";
		};
		04AF55E6269851BB00962006 /* CommandRunnerTests */ = {
			isa = PBXNativeTarget;
			buildConfigurationList = 04AF55FE269851BC00962006 /* Build configuration list for PBXNativeTarget "CommandRunnerTests" */;
			buildPhases = (
				04AF55E3269851BB00962006 /* Sources */,
				04AF55E4269851BB00962006 /* Frameworks */,
				04AF55E5269851BB00962006 /* Resources */,
			);
			buildRules = (
			);
			dependencies = (
				04AF55E9269851BB00962006 /* PBXTargetDependency */,
			);
			name = CommandRunnerTests;
			productName = CommandRunnerTests;
			productReference = 04AF55E7269851BB00962006 /* CommandRunnerTests.xctest */;
			productType = "com.apple.product-type.bundle.unit-test";
		};
		04AF55F1269851BC00962006 /* CommandRunnerUITests */ = {
			isa = PBXNativeTarget;
			buildConfigurationList = 04AF5601269851BC00962006 /* Build configuration list for PBXNativeTarget "CommandRunnerUITests" */;
			buildPhases = (
				04AF55EE269851BC00962006 /* Sources */,
				04AF55EF269851BC00962006 /* Frameworks */,
				04AF55F0269851BC00962006 /* Resources */,
			);
			buildRules = (
			);
			dependencies = (
				04AF55F4269851BC00962006 /* PBXTargetDependency */,
			);
			name = CommandRunnerUITests;
			productName = CommandRunnerUITests;
			productReference = 04AF55F2269851BC00962006 /* CommandRunnerUITests.xctest */;
			productType = "com.apple.product-type.bundle.ui-testing";
		};
/* End PBXNativeTarget section */

/* Begin PBXProject section */
		04AF55CA269851BA00962006 /* Project object */ = {
			isa = PBXProject;
			attributes = {
				LastSwiftUpdateCheck = 1220;
				LastUpgradeCheck = 1220;
				TargetAttributes = {
					04AF55D1269851BA00962006 = {
						CreatedOnToolsVersion = 12.2;
					};
					04AF55E6269851BB00962006 = {
						CreatedOnToolsVersion = 12.2;
						TestTargetID = 04AF55D1269851BA00962006;
					};
					04AF55F1269851BC00962006 = {
						CreatedOnToolsVersion = 12.2;
						TestTargetID = 04AF55D1269851BA00962006;
					};
				};
			};
			buildConfigurationList = 04AF55CD269851BA00962006 /* Build configuration list for PBXProject "CommandRunner" */;
			compatibilityVersion = "Xcode 9.3";
			developmentRegion = en;
			hasScannedForEncodings = 0;
			knownRegions = (
				en,
				Base,
			);
			mainGroup = 04AF55C9269851BA00962006;
			productRefGroup = 04AF55D3269851BA00962006 /* Products */;
			projectDirPath = "";
			projectRoot = "";
			targets = (
				04AF55D1269851BA00962006 /* CommandRunner */,
				04AF55E6269851BB00962006 /* CommandRunnerTests */,
				04AF55F1269851BC00962006 /* CommandRunnerUITests */,
			);
		};
/* End PBXProject section */

/* Begin PBXResourcesBuildPhase section */
		04AF55D0269851BA00962006 /* Resources */ = {
			isa = PBXResourcesBuildPhase;
			buildActionMask = 2147483647;
			files = (
				04AF55E0269851BB00962006 /* Main.storyboard in Resources */,
				04AF55DD269851BB00962006 /* Preview Assets.xcassets in Resources */,
				04AF55DA269851BB00962006 /* Assets.xcassets in Resources */,
			);
			runOnlyForDeploymentPostprocessing = 0;
		};
		04AF55E5269851BB00962006 /* Resources */ = {
			isa = PBXResourcesBuildPhase;
			buildActionMask = 2147483647;
			files = (
			);
			runOnlyForDeploymentPostprocessing = 0;
		};
		04AF55F0269851BC00962006 /* Resources */ = {
			isa = PBXResourcesBuildPhase;
			buildActionMask = 2147483647;
			files = (
			);
			runOnlyForDeploymentPostprocessing = 0;
		};
/* End PBXResourcesBuildPhase section */

/* Begin PBXSourcesBuildPhase section */
		04AF55CE269851BA00962006 /* Sources */ = {
			isa = PBXSourcesBuildPhase;
			buildActionMask = 2147483647;
			files = (
				04AF55D8269851BA00962006 /* ContentView.swift in Sources */,
				04AF55D6269851BA00962006 /* AppDelegate.swift in Sources */,
			);
			runOnlyForDeploymentPostprocessing = 0;
		};
		04AF55E3269851BB00962006 /* Sources */ = {
			isa = PBXSourcesBuildPhase;
			buildActionMask = 2147483647;
			files = (
				04AF55EC269851BB00962006 /* CommandRunnerTests.swift in Sources */,
			);
			runOnlyForDeploymentPostprocessing = 0;
		};
		04AF55EE269851BC00962006 /* Sources */ = {
			isa = PBXSourcesBuildPhase;
			buildActionMask = 2147483647;
			files = (
				04AF55F7269851BC00962006 /* CommandRunnerUITests.swift in Sources */,
			);
			runOnlyForDeploymentPostprocessing = 0;
		};
/* End PBXSourcesBuildPhase section */

/* Begin PBXTargetDependency section */
		04AF55E9269851BB00962006 /* PBXTargetDependency */ = {
			isa = PBXTargetDependency;
			target = 04AF55D1269851BA00962006 /* CommandRunner */;
			targetProxy = 04AF55E8269851BB00962006 /* PBXContainerItemProxy */;
		};
		04AF55F4269851BC00962006 /* PBXTargetDependency */ = {
			isa = PBXTargetDependency;
			target = 04AF55D1269851BA00962006 /* CommandRunner */;
			targetProxy = 04AF55F3269851BC00962006 /* PBXContainerItemProxy */;
		};
/* End PBXTargetDependency section */

/* Begin PBXVariantGroup section */
		04AF55DE269851BB00962006 /* Main.storyboard */ = {
			isa = PBXVariantGroup;
			children = (
				04AF55DF269851BB00962006 /* Base */,
			);
			name = Main.storyboard;
			sourceTree = "<group>";
		};
/* End PBXVariantGroup section */

/* Begin XCBuildConfiguration section */
		04AF55F9269851BC00962006 /* Debug */ = {
			isa = XCBuildConfiguration;
			buildSettings = {
				ALWAYS_SEARCH_USER_PATHS = NO;
				CLANG_ANALYZER_NONNULL = YES;
				CLANG_ANALYZER_NUMBER_OBJECT_CONVERSION = YES_AGGRESSIVE;
				CLANG_CXX_LANGUAGE_STANDARD = "gnu++14";
				CLANG_CXX_LIBRARY = "libc++";
				CLANG_ENABLE_MODULES = YES;
				CLANG_ENABLE_OBJC_ARC = YES;
				CLANG_ENABLE_OBJC_WEAK = YES;
				CLANG_WARN_BLOCK_CAPTURE_AUTORELEASING = YES;
				CLANG_WARN_BOOL_CONVERSION = YES;
				CLANG_WARN_COMMA = YES;
				CLANG_WARN_CONSTANT_CONVERSION = YES;
				CLANG_WARN_DEPRECATED_OBJC_IMPLEMENTATIONS = YES;
				CLANG_WARN_DIRECT_OBJC_ISA_USAGE = YES_ERROR;
				CLANG_WARN_DOCUMENTATION_COMMENTS = YES;
				CLANG_WARN_EMPTY_BODY = YES;
				CLANG_WARN_ENUM_CONVERSION = YES;
				CLANG_WARN_INFINITE_RECURSION = YES;
				CLANG_WARN_INT_CONVERSION = YES;
				CLANG_WARN_NON_LITERAL_NULL_CONVERSION = YES;
				CLANG_WARN_OBJC_IMPLICIT_RETAIN_SELF = YES;
				CLANG_WARN_OBJC_LITERAL_CONVERSION = YES;
				CLANG_WARN_OBJC_ROOT_CLASS = YES_ERROR;
				CLANG_WARN_QUOTED_INCLUDE_IN_FRAMEWORK_HEADER = YES;
				CLANG_WARN_RANGE_LOOP_ANALYSIS = YES;
				CLANG_WARN_STRICT_PROTOTYPES = YES;
				CLANG_WARN_SUSPICIOUS_MOVE = YES;
				CLANG_WARN_UNGUARDED_AVAILABILITY = YES_AGGRESSIVE;
				CLANG_WARN_UNREACHABLE_CODE = YES;
				CLANG_WARN__DUPLICATE_METHOD_MATCH = YES;
				COPY_PHASE_STRIP = NO;
				DEBUG_INFORMATION_FORMAT = dwarf;
				ENABLE_STRICT_OBJC_MSGSEND = YES;
				ENABLE_TESTABILITY = YES;
				GCC_C_LANGUAGE_STANDARD = gnu11;
				GCC_DYNAMIC_NO_PIC = NO;
				GCC_NO_COMMON_BLOCKS = YES;
				GCC_OPTIMIZATION_LEVEL = 0;
				GCC_PREPROCESSOR_DEFINITIONS = (
					"DEBUG=1",
					"$(inherited)",
				);
				GCC_WARN_64_TO_32_BIT_CONVERSION = YES;
				GCC_WARN_ABOUT_RETURN_TYPE = YES_ERROR;
				GCC_WARN_UNDECLARED_SELECTOR = YES;
				GCC_WARN_UNINITIALIZED_AUTOS = YES_AGGRESSIVE;
				GCC_WARN_UNUSED_FUNCTION = YES;
				GCC_WARN_UNUSED_VARIABLE = YES;
				MACOSX_DEPLOYMENT_TARGET = 11.0;
				MTL_ENABLE_DEBUG_INFO = INCLUDE_SOURCE;
				MTL_FAST_MATH = YES;
				ONLY_ACTIVE_ARCH = YES;
				SDKROOT = macosx;
				SWIFT_ACTIVE_COMPILATION_CONDITIONS = DEBUG;
				SWIFT_OPTIMIZATION_LEVEL = "-Onone";
			};
			name = Debug;
		};
		04AF55FA269851BC00962006 /* Release */ = {
			isa = XCBuildConfiguration;
			buildSettings = {
				ALWAYS_SEARCH_USER_PATHS = NO;
				CLANG_ANALYZER_NONNULL = YES;
				CLANG_ANALYZER_NUMBER_OBJECT_CONVERSION = YES_AGGRESSIVE;
				CLANG_CXX_LANGUAGE_STANDARD = "gnu++14";
				CLANG_CXX_LIBRARY = "libc++";
				CLANG_ENABLE_MODULES = YES;
				CLANG_ENABLE_OBJC_ARC = YES;
				CLANG_ENABLE_OBJC_WEAK = YES;
				CLANG_WARN_BLOCK_CAPTURE_AUTORELEASING = YES;
				CLANG_WARN_BOOL_CONVERSION = YES;
				CLANG_WARN_COMMA = YES;
				CLANG_WARN_CONSTANT_CONVERSION = YES;
				CLANG_WARN_DEPRECATED_OBJC_IMPLEMENTATIONS = YES;
				CLANG_WARN_DIRECT_OBJC_ISA_USAGE = YES_ERROR;
				CLANG_WARN_DOCUMENTATION_COMMENTS = YES;
				CLANG_WARN_EMPTY_BODY = YES;
				CLANG_WARN_ENUM_CONVERSION = YES;
				CLANG_WARN_INFINITE_RECURSION = YES;
				CLANG_WARN_INT_CONVERSION = YES;
				CLANG_WARN_NON_LITERAL_NULL_CONVERSION = YES;
				CLANG_WARN_OBJC_IMPLICIT_RETAIN_SELF = YES;
				CLANG_WARN_OBJC_LITERAL_CONVERSION = YES;
				CLANG_WARN_OBJC_ROOT_CLASS = YES_ERROR;
				CLANG_WARN_QUOTED_INCLUDE_IN_FRAMEWORK_HEADER = YES;
				CLANG_WARN_RANGE_LOOP_ANALYSIS = YES;
				CLANG_WARN_STRICT_PROTOTYPES = YES;
				CLANG_WARN_SUSPICIOUS_MOVE = YES;
				CLANG_WARN_UNGUARDED_AVAILABILITY = YES_AGGRESSIVE;
				CLANG_WARN_UNREACHABLE_CODE = YES;
				CLANG_WARN__DUPLICATE_METHOD_MATCH = YES;
				COPY_PHASE_STRIP = NO;
				DEBUG_INFORMATION_FORMAT = "dwarf-with-dsym";
				ENABLE_NS_ASSERTIONS = NO;
				ENABLE_STRICT_OBJC_MSGSEND = YES;
				GCC_C_LANGUAGE_STANDARD = gnu11;
				GCC_NO_COMMON_BLOCKS = YES;
				GCC_WARN_64_TO_32_BIT_CONVERSION = YES;
				GCC_WARN_ABOUT_RETURN_TYPE = YES_ERROR;
				GCC_WARN_UNDECLARED_SELECTOR = YES;
				GCC_WARN_UNINITIALIZED_AUTOS = YES_AGGRESSIVE;
				GCC_WARN_UNUSED_FUNCTION = YES;
				GCC_WARN_UNUSED_VARIABLE = YES;
				MACOSX_DEPLOYMENT_TARGET = 11.0;
				MTL_ENABLE_DEBUG_INFO = NO;
				MTL_FAST_MATH = YES;
				SDKROOT = macosx;
				SWIFT_COMPILATION_MODE = wholemodule;
				SWIFT_OPTIMIZATION_LEVEL = "-O";
			};
			name = Release;
		};
		04AF55FC269851BC00962006 /* Debug */ = {
			isa = XCBuildConfiguration;
			buildSettings = {
				ASSETCATALOG_COMPILER_APPICON_NAME = AppIcon;
				ASSETCATALOG_COMPILER_GLOBAL_ACCENT_COLOR_NAME = AccentColor;
				CODE_SIGN_ENTITLEMENTS = CommandRunner/CommandRunner.entitlements;
				CODE_SIGN_STYLE = Automatic;
				COMBINE_HIDPI_IMAGES = YES;
				DEVELOPMENT_ASSET_PATHS = "\"CommandRunner/Preview Content\"";
				DEVELOPMENT_TEAM = 3TCT9DKNME;
				ENABLE_HARDENED_RUNTIME = YES;
				ENABLE_PREVIEWS = YES;
				INFOPLIST_FILE = CommandRunner/Info.plist;
				LD_RUNPATH_SEARCH_PATHS = (
					"$(inherited)",
					"@executable_path/../Frameworks",
				);
				MACOSX_DEPLOYMENT_TARGET = 10.15;
				PRODUCT_BUNDLE_IDENTIFIER = com.yuichiro.app.CommandRunner;
				PRODUCT_NAME = "$(TARGET_NAME)";
				SWIFT_VERSION = 5.0;
			};
			name = Debug;
		};
		04AF55FD269851BC00962006 /* Release */ = {
			isa = XCBuildConfiguration;
			buildSettings = {
				ASSETCATALOG_COMPILER_APPICON_NAME = AppIcon;
				ASSETCATALOG_COMPILER_GLOBAL_ACCENT_COLOR_NAME = AccentColor;
				CODE_SIGN_ENTITLEMENTS = CommandRunner/CommandRunner.entitlements;
				CODE_SIGN_STYLE = Automatic;
				COMBINE_HIDPI_IMAGES = YES;
				DEVELOPMENT_ASSET_PATHS = "\"CommandRunner/Preview Content\"";
				DEVELOPMENT_TEAM = 3TCT9DKNME;
				ENABLE_HARDENED_RUNTIME = YES;
				ENABLE_PREVIEWS = YES;
				INFOPLIST_FILE = CommandRunner/Info.plist;
				LD_RUNPATH_SEARCH_PATHS = (
					"$(inherited)",
					"@executable_path/../Frameworks",
				);
				MACOSX_DEPLOYMENT_TARGET = 10.15;
				PRODUCT_BUNDLE_IDENTIFIER = com.yuichiro.app.CommandRunner;
				PRODUCT_NAME = "$(TARGET_NAME)";
				SWIFT_VERSION = 5.0;
			};
			name = Release;
		};
		04AF55FF269851BC00962006 /* Debug */ = {
			isa = XCBuildConfiguration;
			buildSettings = {
				ALWAYS_EMBED_SWIFT_STANDARD_LIBRARIES = YES;
				BUNDLE_LOADER = "$(TEST_HOST)";
				CODE_SIGN_STYLE = Automatic;
				COMBINE_HIDPI_IMAGES = YES;
				DEVELOPMENT_TEAM = 3TCT9DKNME;
				INFOPLIST_FILE = CommandRunnerTests/Info.plist;
				LD_RUNPATH_SEARCH_PATHS = (
					"$(inherited)",
					"@executable_path/../Frameworks",
					"@loader_path/../Frameworks",
				);
				MACOSX_DEPLOYMENT_TARGET = 10.15;
				PRODUCT_BUNDLE_IDENTIFIER = com.yuichiro.app.CommandRunnerTests;
				PRODUCT_NAME = "$(TARGET_NAME)";
				SWIFT_VERSION = 5.0;
				TEST_HOST = "$(BUILT_PRODUCTS_DIR)/CommandRunner.app/Contents/MacOS/CommandRunner";
			};
			name = Debug;
		};
		04AF5600269851BC00962006 /* Release */ = {
			isa = XCBuildConfiguration;
			buildSettings = {
				ALWAYS_EMBED_SWIFT_STANDARD_LIBRARIES = YES;
				BUNDLE_LOADER = "$(TEST_HOST)";
				CODE_SIGN_STYLE = Automatic;
				COMBINE_HIDPI_IMAGES = YES;
				DEVELOPMENT_TEAM = 3TCT9DKNME;
				INFOPLIST_FILE = CommandRunnerTests/Info.plist;
				LD_RUNPATH_SEARCH_PATHS = (
					"$(inherited)",
					"@executable_path/../Frameworks",
					"@loader_path/../Frameworks",
				);
				MACOSX_DEPLOYMENT_TARGET = 10.15;
				PRODUCT_BUNDLE_IDENTIFIER = com.yuichiro.app.CommandRunnerTests;
				PRODUCT_NAME = "$(TARGET_NAME)";
				SWIFT_VERSION = 5.0;
				TEST_HOST = "$(BUILT_PRODUCTS_DIR)/CommandRunner.app/Contents/MacOS/CommandRunner";
			};
			name = Release;
		};
		04AF5602269851BC00962006 /* Debug */ = {
			isa = XCBuildConfiguration;
			buildSettings = {
				ALWAYS_EMBED_SWIFT_STANDARD_LIBRARIES = YES;
				CODE_SIGN_STYLE = Automatic;
				COMBINE_HIDPI_IMAGES = YES;
				DEVELOPMENT_TEAM = 3TCT9DKNME;
				INFOPLIST_FILE = CommandRunnerUITests/Info.plist;
				LD_RUNPATH_SEARCH_PATHS = (
					"$(inherited)",
					"@executable_path/../Frameworks",
					"@loader_path/../Frameworks",
				);
				PRODUCT_BUNDLE_IDENTIFIER = com.yuichiro.app.CommandRunnerUITests;
				PRODUCT_NAME = "$(TARGET_NAME)";
				SWIFT_VERSION = 5.0;
				TEST_TARGET_NAME = CommandRunner;
			};
			name = Debug;
		};
		04AF5603269851BC00962006 /* Release */ = {
			isa = XCBuildConfiguration;
			buildSettings = {
				ALWAYS_EMBED_SWIFT_STANDARD_LIBRARIES = YES;
				CODE_SIGN_STYLE = Automatic;
				COMBINE_HIDPI_IMAGES = YES;
				DEVELOPMENT_TEAM = 3TCT9DKNME;
				INFOPLIST_FILE = CommandRunnerUITests/Info.plist;
				LD_RUNPATH_SEARCH_PATHS = (
					"$(inherited)",
					"@executable_path/../Frameworks",
					"@loader_path/../Frameworks",
				);
				PRODUCT_BUNDLE_IDENTIFIER = com.yuichiro.app.CommandRunnerUITests;
				PRODUCT_NAME = "$(TARGET_NAME)";
				SWIFT_VERSION = 5.0;
				TEST_TARGET_NAME = CommandRunner;
			};
			name = Release;
		};
/* End XCBuildConfiguration section */

/* Begin XCConfigurationList section */
		04AF55CD269851BA00962006 /* Build configuration list for PBXProject "CommandRunner" */ = {
			isa = XCConfigurationList;
			buildConfigurations = (
				04AF55F9269851BC00962006 /* Debug */,
				04AF55FA269851BC00962006 /* Release */,
			);
			defaultConfigurationIsVisible = 0;
			defaultConfigurationName = Release;
		};
		04AF55FB269851BC00962006 /* Build configuration list for PBXNativeTarget "CommandRunner" */ = {
			isa = XCConfigurationList;
			buildConfigurations = (
				04AF55FC269851BC00962006 /* Debug */,
				04AF55FD269851BC00962006 /* Release */,
			);
			defaultConfigurationIsVisible = 0;
			defaultConfigurationName = Release;
		};
		04AF55FE269851BC00962006 /* Build configuration list for PBXNativeTarget "CommandRunnerTests" */ = {
			isa = XCConfigurationList;
			buildConfigurations = (
				04AF55FF269851BC00962006 /* Debug */,
				04AF5600269851BC00962006 /* Release */,
			);
			defaultConfigurationIsVisible = 0;
			defaultConfigurationName = Release;
		};
		04AF5601269851BC00962006 /* Build configuration list for PBXNativeTarget "CommandRunnerUITests" */ = {
			isa = XCConfigurationList;
			buildConfigurations = (
				04AF5602269851BC00962006 /* Debug */,
				04AF5603269851BC00962006 /* Release */,
			);
			defaultConfigurationIsVisible = 0;
			defaultConfigurationName = Release;
		};
/* End XCConfigurationList section */
	};
	rootObject = 04AF55CA269851BA00962006 /* Project object */;
}
